dependencies:
- name: webserver
  repository: file://../webserver
  version: 0.1.0
- name: database
  repository: file://../database
  version: 0.1.0
- name: php-fpm
  repository: file://../php-fpm
  version: 0.1.0
- name: websocket
  repository: file://../websocket
  version: 0.1.0
- name: mail
  repository: file://../mail
  version: 0.1.0
- name: cron
  repository: file://../cron
  version: 0.1.0
- name: consumer
  repository: file://../consumer
  version: 0.1.0
- name: final-service
  repository: file://../final-service
  version: 0.1.0
digest: sha256:2f61b72ad26213eed032b397622b04f2750bfb3b5050ddba3ab785d14e2b80a5
generated: "2025-07-30T21:17:13.131335004+02:00"
