dependencies:
- name: webserver
  repository: file://../webserver
  version: 0.1.0
- name: database
  repository: file://../database
  version: 0.1.0
- name: php-fpm
  repository: file://../php-fpm
  version: 0.1.0
- name: websocket
  repository: file://../websocket
  version: 0.1.0
- name: mail
  repository: file://../mail
  version: 0.1.0
- name: cron
  repository: file://../cron
  version: 0.1.0
digest: sha256:82232417b58b915d930c0c9fccf31e3440905b389c65b2f33cc1509adc523c59
generated: "2025-07-28T11:42:10.202514851+02:00"
